// !$*UTF8*$!
{
	archiveVersion = 1;
	classes = {
	};
	objectVersion = 48;
	objects = {

/* Begin PBXBuildFile section */
		5856E1242051137F00884124 /* UIImage+MYImage.m in Sources */ = {isa = PBXBuildFile; fileRef = 5856E1232051137F00884124 /* UIImage+MYImage.m */; };
		5856E126205117B000884124 /* pppp.jpg in Resources */ = {isa = PBXBuildFile; fileRef = 5856E125205117B000884124 /* pppp.jpg */; };
		5856E128205122AF00884124 /* myList.plist in Resources */ = {isa = PBXBuildFile; fileRef = 5856E127205122AF00884124 /* myList.plist */; };
		5856E12A2051251500884124 /* list.plist in Resources */ = {isa = PBXBuildFile; fileRef = 5856E1292051251500884124 /* list.plist */; };
		5856E12D2051255800884124 /* User.m in Sources */ = {isa = PBXBuildFile; fileRef = 5856E12C2051255800884124 /* User.m */; };
		5856E130205128C300884124 /* MyRoom.m in Sources */ = {isa = PBXBuildFile; fileRef = 5856E12F205128C300884124 /* MyRoom.m */; };
		5856E13320513A2100884124 /* MyModel.m in Sources */ = {isa = PBXBuildFile; fileRef = 5856E13220513A2100884124 /* MyModel.m */; };
		D0099495200C7CEC00134B31 /* AppDelegate.m in Sources */ = {isa = PBXBuildFile; fileRef = D0099494200C7CEC00134B31 /* AppDelegate.m */; };
		D0099498200C7CEC00134B31 /* ViewController.m in Sources */ = {isa = PBXBuildFile; fileRef = D0099497200C7CEC00134B31 /* ViewController.m */; };
		D009949B200C7CEC00134B31 /* Main.storyboard in Resources */ = {isa = PBXBuildFile; fileRef = D0099499200C7CEC00134B31 /* Main.storyboard */; };
		D009949D200C7CEC00134B31 /* Assets.xcassets in Resources */ = {isa = PBXBuildFile; fileRef = D009949C200C7CEC00134B31 /* Assets.xcassets */; };
		D00994A0200C7CEC00134B31 /* LaunchScreen.storyboard in Resources */ = {isa = PBXBuildFile; fileRef = D009949E200C7CEC00134B31 /* LaunchScreen.storyboard */; };
		D00994A3200C7CEC00134B31 /* main.m in Sources */ = {isa = PBXBuildFile; fileRef = D00994A2200C7CEC00134B31 /* main.m */; };
		D00994AD200C7CED00134B31 /* RunTimeTests.m in Sources */ = {isa = PBXBuildFile; fileRef = D00994AC200C7CED00134B31 /* RunTimeTests.m */; };
		D00994B8200C7CED00134B31 /* RunTimeUITests.m in Sources */ = {isa = PBXBuildFile; fileRef = D00994B7200C7CED00134B31 /* RunTimeUITests.m */; };
		D00994C7200C7D1700134B31 /* Person.m in Sources */ = {isa = PBXBuildFile; fileRef = D00994C6200C7D1700134B31 /* Person.m */; };
/* End PBXBuildFile section */

/* Begin PBXContainerItemProxy section */
		D00994A9200C7CED00134B31 /* PBXContainerItemProxy */ = {
			isa = PBXContainerItemProxy;
			containerPortal = D0099488200C7CEC00134B31 /* Project object */;
			proxyType = 1;
			remoteGlobalIDString = D009948F200C7CEC00134B31;
			remoteInfo = RunTime;
		};
		D00994B4200C7CED00134B31 /* PBXContainerItemProxy */ = {
			isa = PBXContainerItemProxy;
			containerPortal = D0099488200C7CEC00134B31 /* Project object */;
			proxyType = 1;
			remoteGlobalIDString = D009948F200C7CEC00134B31;
			remoteInfo = RunTime;
		};
/* End PBXContainerItemProxy section */

/* Begin PBXFileReference section */
		5856E1222051137F00884124 /* UIImage+MYImage.h */ = {isa = PBXFileReference; lastKnownFileType = sourcecode.c.h; path = "UIImage+MYImage.h"; sourceTree = "<group>"; };
		5856E1232051137F00884124 /* UIImage+MYImage.m */ = {isa = PBXFileReference; lastKnownFileType = sourcecode.c.objc; path = "UIImage+MYImage.m"; sourceTree = "<group>"; };
		5856E125205117B000884124 /* pppp.jpg */ = {isa = PBXFileReference; lastKnownFileType = image.jpeg; path = pppp.jpg; sourceTree = "<group>"; };
		5856E127205122AF00884124 /* myList.plist */ = {isa = PBXFileReference; lastKnownFileType = text.plist.xml; path = myList.plist; sourceTree = "<group>"; };
		5856E1292051251500884124 /* list.plist */ = {isa = PBXFileReference; lastKnownFileType = text.plist.xml; path = list.plist; sourceTree = "<group>"; };
		5856E12B2051255800884124 /* User.h */ = {isa = PBXFileReference; lastKnownFileType = sourcecode.c.h; path = User.h; sourceTree = "<group>"; };
		5856E12C2051255800884124 /* User.m */ = {isa = PBXFileReference; lastKnownFileType = sourcecode.c.objc; path = User.m; sourceTree = "<group>"; };
		5856E12E205128C300884124 /* MyRoom.h */ = {isa = PBXFileReference; lastKnownFileType = sourcecode.c.h; path = MyRoom.h; sourceTree = "<group>"; };
		5856E12F205128C300884124 /* MyRoom.m */ = {isa = PBXFileReference; lastKnownFileType = sourcecode.c.objc; path = MyRoom.m; sourceTree = "<group>"; };
		5856E13120513A2100884124 /* MyModel.h */ = {isa = PBXFileReference; lastKnownFileType = sourcecode.c.h; path = MyModel.h; sourceTree = "<group>"; };
		5856E13220513A2100884124 /* MyModel.m */ = {isa = PBXFileReference; lastKnownFileType = sourcecode.c.objc; path = MyModel.m; sourceTree = "<group>"; };
		D0099490200C7CEC00134B31 /* RunTime.app */ = {isa = PBXFileReference; explicitFileType = wrapper.application; includeInIndex = 0; path = RunTime.app; sourceTree = BUILT_PRODUCTS_DIR; };
		D0099493200C7CEC00134B31 /* AppDelegate.h */ = {isa = PBXFileReference; lastKnownFileType = sourcecode.c.h; path = AppDelegate.h; sourceTree = "<group>"; };
		D0099494200C7CEC00134B31 /* AppDelegate.m */ = {isa = PBXFileReference; lastKnownFileType = sourcecode.c.objc; path = AppDelegate.m; sourceTree = "<group>"; };
		D0099496200C7CEC00134B31 /* ViewController.h */ = {isa = PBXFileReference; lastKnownFileType = sourcecode.c.h; path = ViewController.h; sourceTree = "<group>"; };
		D0099497200C7CEC00134B31 /* ViewController.m */ = {isa = PBXFileReference; lastKnownFileType = sourcecode.c.objc; path = ViewController.m; sourceTree = "<group>"; };
		D009949A200C7CEC00134B31 /* Base */ = {isa = PBXFileReference; lastKnownFileType = file.storyboard; name = Base; path = Base.lproj/Main.storyboard; sourceTree = "<group>"; };
		D009949C200C7CEC00134B31 /* Assets.xcassets */ = {isa = PBXFileReference; lastKnownFileType = folder.assetcatalog; path = Assets.xcassets; sourceTree = "<group>"; };
		D009949F200C7CEC00134B31 /* Base */ = {isa = PBXFileReference; lastKnownFileType = file.storyboard; name = Base; path = Base.lproj/LaunchScreen.storyboard; sourceTree = "<group>"; };
		D00994A1200C7CEC00134B31 /* Info.plist */ = {isa = PBXFileReference; lastKnownFileType = text.plist.xml; path = Info.plist; sourceTree = "<group>"; };
		D00994A2200C7CEC00134B31 /* main.m */ = {isa = PBXFileReference; lastKnownFileType = sourcecode.c.objc; path = main.m; sourceTree = "<group>"; };
		D00994A8200C7CED00134B31 /* RunTimeTests.xctest */ = {isa = PBXFileReference; explicitFileType = wrapper.cfbundle; includeInIndex = 0; path = RunTimeTests.xctest; sourceTree = BUILT_PRODUCTS_DIR; };
		D00994AC200C7CED00134B31 /* RunTimeTests.m */ = {isa = PBXFileReference; lastKnownFileType = sourcecode.c.objc; path = RunTimeTests.m; sourceTree = "<group>"; };
		D00994AE200C7CED00134B31 /* Info.plist */ = {isa = PBXFileReference; lastKnownFileType = text.plist.xml; path = Info.plist; sourceTree = "<group>"; };
		D00994B3200C7CED00134B31 /* RunTimeUITests.xctest */ = {isa = PBXFileReference; explicitFileType = wrapper.cfbundle; includeInIndex = 0; path = RunTimeUITests.xctest; sourceTree = BUILT_PRODUCTS_DIR; };
		D00994B7200C7CED00134B31 /* RunTimeUITests.m */ = {isa = PBXFileReference; lastKnownFileType = sourcecode.c.objc; path = RunTimeUITests.m; sourceTree = "<group>"; };
		D00994B9200C7CED00134B31 /* Info.plist */ = {isa = PBXFileReference; lastKnownFileType = text.plist.xml; path = Info.plist; sourceTree = "<group>"; };
		D00994C5200C7D1700134B31 /* Person.h */ = {isa = PBXFileReference; lastKnownFileType = sourcecode.c.h; path = Person.h; sourceTree = "<group>"; };
		D00994C6200C7D1700134B31 /* Person.m */ = {isa = PBXFileReference; lastKnownFileType = sourcecode.c.objc; path = Person.m; sourceTree = "<group>"; };
/* End PBXFileReference section */

/* Begin PBXFrameworksBuildPhase section */
		D009948D200C7CEC00134B31 /* Frameworks */ = {
			isa = PBXFrameworksBuildPhase;
			buildActionMask = 2147483647;
			files = (
			);
			runOnlyForDeploymentPostprocessing = 0;
		};
		D00994A5200C7CED00134B31 /* Frameworks */ = {
			isa = PBXFrameworksBuildPhase;
			buildActionMask = 2147483647;
			files = (
			);
			runOnlyForDeploymentPostprocessing = 0;
		};
		D00994B0200C7CED00134B31 /* Frameworks */ = {
			isa = PBXFrameworksBuildPhase;
			buildActionMask = 2147483647;
			files = (
			);
			runOnlyForDeploymentPostprocessing = 0;
		};
/* End PBXFrameworksBuildPhase section */

/* Begin PBXGroup section */
		D0099487200C7CEC00134B31 = {
			isa = PBXGroup;
			children = (
				D0099492200C7CEC00134B31 /* RunTime */,
				D00994AB200C7CED00134B31 /* RunTimeTests */,
				D00994B6200C7CED00134B31 /* RunTimeUITests */,
				D0099491200C7CEC00134B31 /* Products */,
			);
			sourceTree = "<group>";
		};
		D0099491200C7CEC00134B31 /* Products */ = {
			isa = PBXGroup;
			children = (
				D0099490200C7CEC00134B31 /* RunTime.app */,
				D00994A8200C7CED00134B31 /* RunTimeTests.xctest */,
				D00994B3200C7CED00134B31 /* RunTimeUITests.xctest */,
			);
			name = Products;
			sourceTree = "<group>";
		};
		D0099492200C7CEC00134B31 /* RunTime */ = {
			isa = PBXGroup;
			children = (
				D0099493200C7CEC00134B31 /* AppDelegate.h */,
				D0099494200C7CEC00134B31 /* AppDelegate.m */,
				D0099496200C7CEC00134B31 /* ViewController.h */,
				D0099497200C7CEC00134B31 /* ViewController.m */,
				5856E127205122AF00884124 /* myList.plist */,
				5856E1292051251500884124 /* list.plist */,
				D00994C5200C7D1700134B31 /* Person.h */,
				D00994C6200C7D1700134B31 /* Person.m */,
				5856E12B2051255800884124 /* User.h */,
				5856E12C2051255800884124 /* User.m */,
				5856E12E205128C300884124 /* MyRoom.h */,
				5856E12F205128C300884124 /* MyRoom.m */,
				5856E13120513A2100884124 /* MyModel.h */,
				5856E13220513A2100884124 /* MyModel.m */,
				5856E125205117B000884124 /* pppp.jpg */,
				5856E1222051137F00884124 /* UIImage+MYImage.h */,
				5856E1232051137F00884124 /* UIImage+MYImage.m */,
				D0099499200C7CEC00134B31 /* Main.storyboard */,
				D009949C200C7CEC00134B31 /* Assets.xcassets */,
				D009949E200C7CEC00134B31 /* LaunchScreen.storyboard */,
				D00994A1200C7CEC00134B31 /* Info.plist */,
				D00994A2200C7CEC00134B31 /* main.m */,
			);
			path = RunTime;
			sourceTree = "<group>";
		};
		D00994AB200C7CED00134B31 /* RunTimeTests */ = {
			isa = PBXGroup;
			children = (
				D00994AC200C7CED00134B31 /* RunTimeTests.m */,
				D00994AE200C7CED00134B31 /* Info.plist */,
			);
			path = RunTimeTests;
			sourceTree = "<group>";
		};
		D00994B6200C7CED00134B31 /* RunTimeUITests */ = {
			isa = PBXGroup;
			children = (
				D00994B7200C7CED00134B31 /* RunTimeUITests.m */,
				D00994B9200C7CED00134B31 /* Info.plist */,
			);
			path = RunTimeUITests;
			sourceTree = "<group>";
		};
/* End PBXGroup section */

/* Begin PBXNativeTarget section */
		D009948F200C7CEC00134B31 /* RunTime */ = {
			isa = PBXNativeTarget;
			buildConfigurationList = D00994BC200C7CED00134B31 /* Build configuration list for PBXNativeTarget "RunTime" */;
			buildPhases = (
				D009948C200C7CEC00134B31 /* Sources */,
				D009948D200C7CEC00134B31 /* Frameworks */,
				D009948E200C7CEC00134B31 /* Resources */,
			);
			buildRules = (
			);
			dependencies = (
			);
			name = RunTime;
			productName = RunTime;
			productReference = D0099490200C7CEC00134B31 /* RunTime.app */;
			productType = "com.apple.product-type.application";
		};
		D00994A7200C7CED00134B31 /* RunTimeTests */ = {
			isa = PBXNativeTarget;
			buildConfigurationList = D00994BF200C7CED00134B31 /* Build configuration list for PBXNativeTarget "RunTimeTests" */;
			buildPhases = (
				D00994A4200C7CED00134B31 /* Sources */,
				D00994A5200C7CED00134B31 /* Frameworks */,
				D00994A6200C7CED00134B31 /* Resources */,
			);
			buildRules = (
			);
			dependencies = (
				D00994AA200C7CED00134B31 /* PBXTargetDependency */,
			);
			name = RunTimeTests;
			productName = RunTimeTests;
			productReference = D00994A8200C7CED00134B31 /* RunTimeTests.xctest */;
			productType = "com.apple.product-type.bundle.unit-test";
		};
		D00994B2200C7CED00134B31 /* RunTimeUITests */ = {
			isa = PBXNativeTarget;
			buildConfigurationList = D00994C2200C7CED00134B31 /* Build configuration list for PBXNativeTarget "RunTimeUITests" */;
			buildPhases = (
				D00994AF200C7CED00134B31 /* Sources */,
				D00994B0200C7CED00134B31 /* Frameworks */,
				D00994B1200C7CED00134B31 /* Resources */,
			);
			buildRules = (
			);
			dependencies = (
				D00994B5200C7CED00134B31 /* PBXTargetDependency */,
			);
			name = RunTimeUITests;
			productName = RunTimeUITests;
			productReference = D00994B3200C7CED00134B31 /* RunTimeUITests.xctest */;
			productType = "com.apple.product-type.bundle.ui-testing";
		};
/* End PBXNativeTarget section */

/* Begin PBXProject section */
		D0099488200C7CEC00134B31 /* Project object */ = {
			isa = PBXProject;
			attributes = {
				LastUpgradeCheck = 0920;
				ORGANIZATIONNAME = zhujunyu;
				TargetAttributes = {
					D009948F200C7CEC00134B31 = {
						CreatedOnToolsVersion = 9.2;
						ProvisioningStyle = Automatic;
					};
					D00994A7200C7CED00134B31 = {
						CreatedOnToolsVersion = 9.2;
						ProvisioningStyle = Automatic;
						TestTargetID = D009948F200C7CEC00134B31;
					};
					D00994B2200C7CED00134B31 = {
						CreatedOnToolsVersion = 9.2;
						ProvisioningStyle = Automatic;
						TestTargetID = D009948F200C7CEC00134B31;
					};
				};
			};
			buildConfigurationList = D009948B200C7CEC00134B31 /* Build configuration list for PBXProject "RunTime" */;
			compatibilityVersion = "Xcode 8.0";
			developmentRegion = en;
			hasScannedForEncodings = 0;
			knownRegions = (
				en,
				Base,
			);
			mainGroup = D0099487200C7CEC00134B31;
			productRefGroup = D0099491200C7CEC00134B31 /* Products */;
			projectDirPath = "";
			projectRoot = "";
			targets = (
				D009948F200C7CEC00134B31 /* RunTime */,
				D00994A7200C7CED00134B31 /* RunTimeTests */,
				D00994B2200C7CED00134B31 /* RunTimeUITests */,
			);
		};
/* End PBXProject section */

/* Begin PBXResourcesBuildPhase section */
		D009948E200C7CEC00134B31 /* Resources */ = {
			isa = PBXResourcesBuildPhase;
			buildActionMask = 2147483647;
			files = (
				D00994A0200C7CEC00134B31 /* LaunchScreen.storyboard in Resources */,
				5856E128205122AF00884124 /* myList.plist in Resources */,
				D009949D200C7CEC00134B31 /* Assets.xcassets in Resources */,
				D009949B200C7CEC00134B31 /* Main.storyboard in Resources */,
				5856E12A2051251500884124 /* list.plist in Resources */,
				5856E126205117B000884124 /* pppp.jpg in Resources */,
			);
			runOnlyForDeploymentPostprocessing = 0;
		};
		D00994A6200C7CED00134B31 /* Resources */ = {
			isa = PBXResourcesBuildPhase;
			buildActionMask = 2147483647;
			files = (
			);
			runOnlyForDeploymentPostprocessing = 0;
		};
		D00994B1200C7CED00134B31 /* Resources */ = {
			isa = PBXResourcesBuildPhase;
			buildActionMask = 2147483647;
			files = (
			);
			runOnlyForDeploymentPostprocessing = 0;
		};
/* End PBXResourcesBuildPhase section */

/* Begin PBXSourcesBuildPhase section */
		D009948C200C7CEC00134B31 /* Sources */ = {
			isa = PBXSourcesBuildPhase;
			buildActionMask = 2147483647;
			files = (
				D0099498200C7CEC00134B31 /* ViewController.m in Sources */,
				5856E130205128C300884124 /* MyRoom.m in Sources */,
				D00994A3200C7CEC00134B31 /* main.m in Sources */,
				5856E13320513A2100884124 /* MyModel.m in Sources */,
				5856E12D2051255800884124 /* User.m in Sources */,
				5856E1242051137F00884124 /* UIImage+MYImage.m in Sources */,
				D00994C7200C7D1700134B31 /* Person.m in Sources */,
				D0099495200C7CEC00134B31 /* AppDelegate.m in Sources */,
			);
			runOnlyForDeploymentPostprocessing = 0;
		};
		D00994A4200C7CED00134B31 /* Sources */ = {
			isa = PBXSourcesBuildPhase;
			buildActionMask = 2147483647;
			files = (
				D00994AD200C7CED00134B31 /* RunTimeTests.m in Sources */,
			);
			runOnlyForDeploymentPostprocessing = 0;
		};
		D00994AF200C7CED00134B31 /* Sources */ = {
			isa = PBXSourcesBuildPhase;
			buildActionMask = 2147483647;
			files = (
				D00994B8200C7CED00134B31 /* RunTimeUITests.m in Sources */,
			);
			runOnlyForDeploymentPostprocessing = 0;
		};
/* End PBXSourcesBuildPhase section */

/* Begin PBXTargetDependency section */
		D00994AA200C7CED00134B31 /* PBXTargetDependency */ = {
			isa = PBXTargetDependency;
			target = D009948F200C7CEC00134B31 /* RunTime */;
			targetProxy = D00994A9200C7CED00134B31 /* PBXContainerItemProxy */;
		};
		D00994B5200C7CED00134B31 /* PBXTargetDependency */ = {
			isa = PBXTargetDependency;
			target = D009948F200C7CEC00134B31 /* RunTime */;
			targetProxy = D00994B4200C7CED00134B31 /* PBXContainerItemProxy */;
		};
/* End PBXTargetDependency section */

/* Begin PBXVariantGroup section */
		D0099499200C7CEC00134B31 /* Main.storyboard */ = {
			isa = PBXVariantGroup;
			children = (
				D009949A200C7CEC00134B31 /* Base */,
			);
			name = Main.storyboard;
			sourceTree = "<group>";
		};
		D009949E200C7CEC00134B31 /* LaunchScreen.storyboard */ = {
			isa = PBXVariantGroup;
			children = (
				D009949F200C7CEC00134B31 /* Base */,
			);
			name = LaunchScreen.storyboard;
			sourceTree = "<group>";
		};
/* End PBXVariantGroup section */

/* Begin XCBuildConfiguration section */
		D00994BA200C7CED00134B31 /* Debug */ = {
			isa = XCBuildConfiguration;
			buildSettings = {
				ALWAYS_SEARCH_USER_PATHS = NO;
				CLANG_ANALYZER_NONNULL = YES;
				CLANG_ANALYZER_NUMBER_OBJECT_CONVERSION = YES_AGGRESSIVE;
				CLANG_CXX_LANGUAGE_STANDARD = "gnu++14";
				CLANG_CXX_LIBRARY = "libc++";
				CLANG_ENABLE_MODULES = YES;
				CLANG_ENABLE_OBJC_ARC = YES;
				CLANG_WARN_BLOCK_CAPTURE_AUTORELEASING = YES;
				CLANG_WARN_BOOL_CONVERSION = YES;
				CLANG_WARN_COMMA = YES;
				CLANG_WARN_CONSTANT_CONVERSION = YES;
				CLANG_WARN_DIRECT_OBJC_ISA_USAGE = YES_ERROR;
				CLANG_WARN_DOCUMENTATION_COMMENTS = YES;
				CLANG_WARN_EMPTY_BODY = YES;
				CLANG_WARN_ENUM_CONVERSION = YES;
				CLANG_WARN_INFINITE_RECURSION = YES;
				CLANG_WARN_INT_CONVERSION = YES;
				CLANG_WARN_NON_LITERAL_NULL_CONVERSION = YES;
				CLANG_WARN_OBJC_LITERAL_CONVERSION = YES;
				CLANG_WARN_OBJC_ROOT_CLASS = YES_ERROR;
				CLANG_WARN_RANGE_LOOP_ANALYSIS = YES;
				CLANG_WARN_STRICT_PROTOTYPES = YES;
				CLANG_WARN_SUSPICIOUS_MOVE = YES;
				CLANG_WARN_UNGUARDED_AVAILABILITY = YES_AGGRESSIVE;
				CLANG_WARN_UNREACHABLE_CODE = YES;
				CLANG_WARN__DUPLICATE_METHOD_MATCH = YES;
				CODE_SIGN_IDENTITY = "iPhone Developer";
				COPY_PHASE_STRIP = NO;
				DEBUG_INFORMATION_FORMAT = dwarf;
				ENABLE_STRICT_OBJC_MSGSEND = YES;
				ENABLE_TESTABILITY = YES;
				GCC_C_LANGUAGE_STANDARD = gnu11;
				GCC_DYNAMIC_NO_PIC = NO;
				GCC_NO_COMMON_BLOCKS = YES;
				GCC_OPTIMIZATION_LEVEL = 0;
				GCC_PREPROCESSOR_DEFINITIONS = (
					"DEBUG=1",
					"$(inherited)",
				);
				GCC_WARN_64_TO_32_BIT_CONVERSION = YES;
				GCC_WARN_ABOUT_RETURN_TYPE = YES_ERROR;
				GCC_WARN_UNDECLARED_SELECTOR = YES;
				GCC_WARN_UNINITIALIZED_AUTOS = YES_AGGRESSIVE;
				GCC_WARN_UNUSED_FUNCTION = YES;
				GCC_WARN_UNUSED_VARIABLE = YES;
				IPHONEOS_DEPLOYMENT_TARGET = 11.2;
				MTL_ENABLE_DEBUG_INFO = YES;
				ONLY_ACTIVE_ARCH = YES;
				SDKROOT = iphoneos;
			};
			name = Debug;
		};
		D00994BB200C7CED00134B31 /* Release */ = {
			isa = XCBuildConfiguration;
			buildSettings = {
				ALWAYS_SEARCH_USER_PATHS = NO;
				CLANG_ANALYZER_NONNULL = YES;
				CLANG_ANALYZER_NUMBER_OBJECT_CONVERSION = YES_AGGRESSIVE;
				CLANG_CXX_LANGUAGE_STANDARD = "gnu++14";
				CLANG_CXX_LIBRARY = "libc++";
				CLANG_ENABLE_MODULES = YES;
				CLANG_ENABLE_OBJC_ARC = YES;
				CLANG_WARN_BLOCK_CAPTURE_AUTORELEASING = YES;
				CLANG_WARN_BOOL_CONVERSION = YES;
				CLANG_WARN_COMMA = YES;
				CLANG_WARN_CONSTANT_CONVERSION = YES;
				CLANG_WARN_DIRECT_OBJC_ISA_USAGE = YES_ERROR;
				CLANG_WARN_DOCUMENTATION_COMMENTS = YES;
				CLANG_WARN_EMPTY_BODY = YES;
				CLANG_WARN_ENUM_CONVERSION = YES;
				CLANG_WARN_INFINITE_RECURSION = YES;
				CLANG_WARN_INT_CONVERSION = YES;
				CLANG_WARN_NON_LITERAL_NULL_CONVERSION = YES;
				CLANG_WARN_OBJC_LITERAL_CONVERSION = YES;
				CLANG_WARN_OBJC_ROOT_CLASS = YES_ERROR;
				CLANG_WARN_RANGE_LOOP_ANALYSIS = YES;
				CLANG_WARN_STRICT_PROTOTYPES = YES;
				CLANG_WARN_SUSPICIOUS_MOVE = YES;
				CLANG_WARN_UNGUARDED_AVAILABILITY = YES_AGGRESSIVE;
				CLANG_WARN_UNREACHABLE_CODE = YES;
				CLANG_WARN__DUPLICATE_METHOD_MATCH = YES;
				CODE_SIGN_IDENTITY = "iPhone Developer";
				COPY_PHASE_STRIP = NO;
				DEBUG_INFORMATION_FORMAT = "dwarf-with-dsym";
				ENABLE_NS_ASSERTIONS = NO;
				ENABLE_STRICT_OBJC_MSGSEND = YES;
				GCC_C_LANGUAGE_STANDARD = gnu11;
				GCC_NO_COMMON_BLOCKS = YES;
				GCC_WARN_64_TO_32_BIT_CONVERSION = YES;
				GCC_WARN_ABOUT_RETURN_TYPE = YES_ERROR;
				GCC_WARN_UNDECLARED_SELECTOR = YES;
				GCC_WARN_UNINITIALIZED_AUTOS = YES_AGGRESSIVE;
				GCC_WARN_UNUSED_FUNCTION = YES;
				GCC_WARN_UNUSED_VARIABLE = YES;
				IPHONEOS_DEPLOYMENT_TARGET = 11.2;
				MTL_ENABLE_DEBUG_INFO = NO;
				SDKROOT = iphoneos;
				VALIDATE_PRODUCT = YES;
			};
			name = Release;
		};
		D00994BD200C7CED00134B31 /* Debug */ = {
			isa = XCBuildConfiguration;
			buildSettings = {
				ASSETCATALOG_COMPILER_APPICON_NAME = AppIcon;
				CODE_SIGN_STYLE = Automatic;
				DEVELOPMENT_TEAM = LN5Z4LQL2H;
				INFOPLIST_FILE = RunTime/Info.plist;
				IPHONEOS_DEPLOYMENT_TARGET = 9.0;
				LD_RUNPATH_SEARCH_PATHS = "$(inherited) @executable_path/Frameworks";
				PRODUCT_BUNDLE_IDENTIFIER = com.zhujunyu.RunTime;
				PRODUCT_NAME = "$(TARGET_NAME)";
				TARGETED_DEVICE_FAMILY = 1;
			};
			name = Debug;
		};
		D00994BE200C7CED00134B31 /* Release */ = {
			isa = XCBuildConfiguration;
			buildSettings = {
				ASSETCATALOG_COMPILER_APPICON_NAME = AppIcon;
				CODE_SIGN_STYLE = Automatic;
				DEVELOPMENT_TEAM = LN5Z4LQL2H;
				INFOPLIST_FILE = RunTime/Info.plist;
				IPHONEOS_DEPLOYMENT_TARGET = 9.0;
				LD_RUNPATH_SEARCH_PATHS = "$(inherited) @executable_path/Frameworks";
				PRODUCT_BUNDLE_IDENTIFIER = com.zhujunyu.RunTime;
				PRODUCT_NAME = "$(TARGET_NAME)";
				TARGETED_DEVICE_FAMILY = 1;
			};
			name = Release;
		};
		D00994C0200C7CED00134B31 /* Debug */ = {
			isa = XCBuildConfiguration;
			buildSettings = {
				BUNDLE_LOADER = "$(TEST_HOST)";
				CODE_SIGN_STYLE = Automatic;
				DEVELOPMENT_TEAM = LN5Z4LQL2H;
				INFOPLIST_FILE = RunTimeTests/Info.plist;
				LD_RUNPATH_SEARCH_PATHS = "$(inherited) @executable_path/Frameworks @loader_path/Frameworks";
				PRODUCT_BUNDLE_IDENTIFIER = com.zhujunyu.RunTimeTests;
				PRODUCT_NAME = "$(TARGET_NAME)";
				TARGETED_DEVICE_FAMILY = "1,2";
				TEST_HOST = "$(BUILT_PRODUCTS_DIR)/RunTime.app/RunTime";
			};
			name = Debug;
		};
		D00994C1200C7CED00134B31 /* Release */ = {
			isa = XCBuildConfiguration;
			buildSettings = {
				BUNDLE_LOADER = "$(TEST_HOST)";
				CODE_SIGN_STYLE = Automatic;
				DEVELOPMENT_TEAM = LN5Z4LQL2H;
				INFOPLIST_FILE = RunTimeTests/Info.plist;
				LD_RUNPATH_SEARCH_PATHS = "$(inherited) @executable_path/Frameworks @loader_path/Frameworks";
				PRODUCT_BUNDLE_IDENTIFIER = com.zhujunyu.RunTimeTests;
				PRODUCT_NAME = "$(TARGET_NAME)";
				TARGETED_DEVICE_FAMILY = "1,2";
				TEST_HOST = "$(BUILT_PRODUCTS_DIR)/RunTime.app/RunTime";
			};
			name = Release;
		};
		D00994C3200C7CED00134B31 /* Debug */ = {
			isa = XCBuildConfiguration;
			buildSettings = {
				CODE_SIGN_STYLE = Automatic;
				DEVELOPMENT_TEAM = LN5Z4LQL2H;
				INFOPLIST_FILE = RunTimeUITests/Info.plist;
				LD_RUNPATH_SEARCH_PATHS = "$(inherited) @executable_path/Frameworks @loader_path/Frameworks";
				PRODUCT_BUNDLE_IDENTIFIER = com.zhujunyu.RunTimeUITests;
				PRODUCT_NAME = "$(TARGET_NAME)";
				TARGETED_DEVICE_FAMILY = "1,2";
				TEST_TARGET_NAME = RunTime;
			};
			name = Debug;
		};
		D00994C4200C7CED00134B31 /* Release */ = {
			isa = XCBuildConfiguration;
			buildSettings = {
				CODE_SIGN_STYLE = Automatic;
				DEVELOPMENT_TEAM = LN5Z4LQL2H;
				INFOPLIST_FILE = RunTimeUITests/Info.plist;
				LD_RUNPATH_SEARCH_PATHS = "$(inherited) @executable_path/Frameworks @loader_path/Frameworks";
				PRODUCT_BUNDLE_IDENTIFIER = com.zhujunyu.RunTimeUITests;
				PRODUCT_NAME = "$(TARGET_NAME)";
				TARGETED_DEVICE_FAMILY = "1,2";
				TEST_TARGET_NAME = RunTime;
			};
			name = Release;
		};
/* End XCBuildConfiguration section */

/* Begin XCConfigurationList section */
		D009948B200C7CEC00134B31 /* Build configuration list for PBXProject "RunTime" */ = {
			isa = XCConfigurationList;
			buildConfigurations = (
				D00994BA200C7CED00134B31 /* Debug */,
				D00994BB200C7CED00134B31 /* Release */,
			);
			defaultConfigurationIsVisible = 0;
			defaultConfigurationName = Release;
		};
		D00994BC200C7CED00134B31 /* Build configuration list for PBXNativeTarget "RunTime" */ = {
			isa = XCConfigurationList;
			buildConfigurations = (
				D00994BD200C7CED00134B31 /* Debug */,
				D00994BE200C7CED00134B31 /* Release */,
			);
			defaultConfigurationIsVisible = 0;
			defaultConfigurationName = Release;
		};
		D00994BF200C7CED00134B31 /* Build configuration list for PBXNativeTarget "RunTimeTests" */ = {
			isa = XCConfigurationList;
			buildConfigurations = (
				D00994C0200C7CED00134B31 /* Debug */,
				D00994C1200C7CED00134B31 /* Release */,
			);
			defaultConfigurationIsVisible = 0;
			defaultConfigurationName = Release;
		};
		D00994C2200C7CED00134B31 /* Build configuration list for PBXNativeTarget "RunTimeUITests" */ = {
			isa = XCConfigurationList;
			buildConfigurations = (
				D00994C3200C7CED00134B31 /* Debug */,
				D00994C4200C7CED00134B31 /* Release */,
			);
			defaultConfigurationIsVisible = 0;
			defaultConfigurationName = Release;
		};
/* End XCConfigurationList section */
	};
	rootObject = D0099488200C7CEC00134B31 /* Project object */;
}
