// !$*UTF8*$!
{
	archiveVersion = 1;
	classes = {
	};
	objectVersion = 55;
	objects = {

/* Begin PBXBuildFile section */
		D046EEBA27BDDB5E0043D613 /* AppDelegate.m in Sources */ = {isa = PBXBuildFile; fileRef = D046EEB927BDDB5E0043D613 /* AppDelegate.m */; };
		D046EEBD27BDDB5E0043D613 /* SceneDelegate.m in Sources */ = {isa = PBXBuildFile; fileRef = D046EEBC27BDDB5E0043D613 /* SceneDelegate.m */; };
		D046EEC027BDDB5E0043D613 /* ViewController.m in Sources */ = {isa = PBXBuildFile; fileRef = D046EEBF27BDDB5E0043D613 /* ViewController.m */; };
		D046EEC327BDDB5E0043D613 /* Main.storyboard in Resources */ = {isa = PBXBuildFile; fileRef = D046EEC127BDDB5E0043D613 /* Main.storyboard */; };
		D046EEC527BDDB5F0043D613 /* Assets.xcassets in Resources */ = {isa = PBXBuildFile; fileRef = D046EEC427BDDB5F0043D613 /* Assets.xcassets */; };
		D046EEC827BDDB5F0043D613 /* LaunchScreen.storyboard in Resources */ = {isa = PBXBuildFile; fileRef = D046EEC627BDDB5F0043D613 /* LaunchScreen.storyboard */; };
		D046EECB27BDDB5F0043D613 /* main.m in Sources */ = {isa = PBXBuildFile; fileRef = D046EECA27BDDB5F0043D613 /* main.m */; };
		D046EED527BDDB5F0043D613 /* runtimeDemoTests.m in Sources */ = {isa = PBXBuildFile; fileRef = D046EED427BDDB5F0043D613 /* runtimeDemoTests.m */; };
		D046EEDF27BDDB5F0043D613 /* runtimeDemoUITests.m in Sources */ = {isa = PBXBuildFile; fileRef = D046EEDE27BDDB5F0043D613 /* runtimeDemoUITests.m */; };
		D046EEE127BDDB5F0043D613 /* runtimeDemoUITestsLaunchTests.m in Sources */ = {isa = PBXBuildFile; fileRef = D046EEE027BDDB5F0043D613 /* runtimeDemoUITestsLaunchTests.m */; };
		D046EEF027BDDC720043D613 /* Person.m in Sources */ = {isa = PBXBuildFile; fileRef = D046EEEF27BDDC720043D613 /* Person.m */; };
		D046EEF327BDED710043D613 /* Person+man.m in Sources */ = {isa = PBXBuildFile; fileRef = D046EEF227BDED710043D613 /* Person+man.m */; };
		D046EEF727BDF0A00043D613 /* User.m in Sources */ = {isa = PBXBuildFile; fileRef = D046EEF627BDF0A00043D613 /* User.m */; };
		D046EEF927BE233B0043D613 /* Runtime.docx in Resources */ = {isa = PBXBuildFile; fileRef = D046EEF827BE233B0043D613 /* Runtime.docx */; };
		D046EEFD27BE37250043D613 /* MessageOrg.m in Sources */ = {isa = PBXBuildFile; fileRef = D046EEFC27BE37250043D613 /* MessageOrg.m */; };
		D0DC7E3327C6153800B66640 /* RuntimeMethod.m in Sources */ = {isa = PBXBuildFile; fileRef = D0DC7E3227C6153800B66640 /* RuntimeMethod.m */; };
/* End PBXBuildFile section */

/* Begin PBXContainerItemProxy section */
		D046EED127BDDB5F0043D613 /* PBXContainerItemProxy */ = {
			isa = PBXContainerItemProxy;
			containerPortal = D046EEAD27BDDB5E0043D613 /* Project object */;
			proxyType = 1;
			remoteGlobalIDString = D046EEB427BDDB5E0043D613;
			remoteInfo = runtimeDemo;
		};
		D046EEDB27BDDB5F0043D613 /* PBXContainerItemProxy */ = {
			isa = PBXContainerItemProxy;
			containerPortal = D046EEAD27BDDB5E0043D613 /* Project object */;
			proxyType = 1;
			remoteGlobalIDString = D046EEB427BDDB5E0043D613;
			remoteInfo = runtimeDemo;
		};
/* End PBXContainerItemProxy section */

/* Begin PBXFileReference section */
		D046EEB527BDDB5E0043D613 /* runtimeDemo.app */ = {isa = PBXFileReference; explicitFileType = wrapper.application; includeInIndex = 0; path = runtimeDemo.app; sourceTree = BUILT_PRODUCTS_DIR; };
		D046EEB827BDDB5E0043D613 /* AppDelegate.h */ = {isa = PBXFileReference; lastKnownFileType = sourcecode.c.h; path = AppDelegate.h; sourceTree = "<group>"; };
		D046EEB927BDDB5E0043D613 /* AppDelegate.m */ = {isa = PBXFileReference; lastKnownFileType = sourcecode.c.objc; path = AppDelegate.m; sourceTree = "<group>"; };
		D046EEBB27BDDB5E0043D613 /* SceneDelegate.h */ = {isa = PBXFileReference; lastKnownFileType = sourcecode.c.h; path = SceneDelegate.h; sourceTree = "<group>"; };
		D046EEBC27BDDB5E0043D613 /* SceneDelegate.m */ = {isa = PBXFileReference; lastKnownFileType = sourcecode.c.objc; path = SceneDelegate.m; sourceTree = "<group>"; };
		D046EEBE27BDDB5E0043D613 /* ViewController.h */ = {isa = PBXFileReference; lastKnownFileType = sourcecode.c.h; path = ViewController.h; sourceTree = "<group>"; };
		D046EEBF27BDDB5E0043D613 /* ViewController.m */ = {isa = PBXFileReference; lastKnownFileType = sourcecode.c.objc; path = ViewController.m; sourceTree = "<group>"; };
		D046EEC227BDDB5E0043D613 /* Base */ = {isa = PBXFileReference; lastKnownFileType = file.storyboard; name = Base; path = Base.lproj/Main.storyboard; sourceTree = "<group>"; };
		D046EEC427BDDB5F0043D613 /* Assets.xcassets */ = {isa = PBXFileReference; lastKnownFileType = folder.assetcatalog; path = Assets.xcassets; sourceTree = "<group>"; };
		D046EEC727BDDB5F0043D613 /* Base */ = {isa = PBXFileReference; lastKnownFileType = file.storyboard; name = Base; path = Base.lproj/LaunchScreen.storyboard; sourceTree = "<group>"; };
		D046EEC927BDDB5F0043D613 /* Info.plist */ = {isa = PBXFileReference; lastKnownFileType = text.plist.xml; path = Info.plist; sourceTree = "<group>"; };
		D046EECA27BDDB5F0043D613 /* main.m */ = {isa = PBXFileReference; lastKnownFileType = sourcecode.c.objc; path = main.m; sourceTree = "<group>"; };
		D046EED027BDDB5F0043D613 /* runtimeDemoTests.xctest */ = {isa = PBXFileReference; explicitFileType = wrapper.cfbundle; includeInIndex = 0; path = runtimeDemoTests.xctest; sourceTree = BUILT_PRODUCTS_DIR; };
		D046EED427BDDB5F0043D613 /* runtimeDemoTests.m */ = {isa = PBXFileReference; lastKnownFileType = sourcecode.c.objc; path = runtimeDemoTests.m; sourceTree = "<group>"; };
		D046EEDA27BDDB5F0043D613 /* runtimeDemoUITests.xctest */ = {isa = PBXFileReference; explicitFileType = wrapper.cfbundle; includeInIndex = 0; path = runtimeDemoUITests.xctest; sourceTree = BUILT_PRODUCTS_DIR; };
		D046EEDE27BDDB5F0043D613 /* runtimeDemoUITests.m */ = {isa = PBXFileReference; lastKnownFileType = sourcecode.c.objc; path = runtimeDemoUITests.m; sourceTree = "<group>"; };
		D046EEE027BDDB5F0043D613 /* runtimeDemoUITestsLaunchTests.m */ = {isa = PBXFileReference; lastKnownFileType = sourcecode.c.objc; path = runtimeDemoUITestsLaunchTests.m; sourceTree = "<group>"; };
		D046EEEE27BDDC720043D613 /* Person.h */ = {isa = PBXFileReference; lastKnownFileType = sourcecode.c.h; path = Person.h; sourceTree = "<group>"; };
		D046EEEF27BDDC720043D613 /* Person.m */ = {isa = PBXFileReference; lastKnownFileType = sourcecode.c.objc; path = Person.m; sourceTree = "<group>"; };
		D046EEF127BDED710043D613 /* Person+man.h */ = {isa = PBXFileReference; lastKnownFileType = sourcecode.c.h; path = "Person+man.h"; sourceTree = "<group>"; };
		D046EEF227BDED710043D613 /* Person+man.m */ = {isa = PBXFileReference; lastKnownFileType = sourcecode.c.objc; path = "Person+man.m"; sourceTree = "<group>"; };
		D046EEF527BDF0A00043D613 /* User.h */ = {isa = PBXFileReference; lastKnownFileType = sourcecode.c.h; path = User.h; sourceTree = "<group>"; };
		D046EEF627BDF0A00043D613 /* User.m */ = {isa = PBXFileReference; lastKnownFileType = sourcecode.c.objc; path = User.m; sourceTree = "<group>"; };
		D046EEF827BE233B0043D613 /* Runtime.docx */ = {isa = PBXFileReference; lastKnownFileType = file; path = Runtime.docx; sourceTree = "<group>"; };
		D046EEFB27BE37250043D613 /* MessageOrg.h */ = {isa = PBXFileReference; lastKnownFileType = sourcecode.c.h; path = MessageOrg.h; sourceTree = "<group>"; };
		D046EEFC27BE37250043D613 /* MessageOrg.m */ = {isa = PBXFileReference; lastKnownFileType = sourcecode.c.objc; path = MessageOrg.m; sourceTree = "<group>"; };
		D0DC7E3127C6153800B66640 /* RuntimeMethod.h */ = {isa = PBXFileReference; lastKnownFileType = sourcecode.c.h; path = RuntimeMethod.h; sourceTree = "<group>"; };
		D0DC7E3227C6153800B66640 /* RuntimeMethod.m */ = {isa = PBXFileReference; lastKnownFileType = sourcecode.c.objc; path = RuntimeMethod.m; sourceTree = "<group>"; };
/* End PBXFileReference section */

/* Begin PBXFrameworksBuildPhase section */
		D046EEB227BDDB5E0043D613 /* Frameworks */ = {
			isa = PBXFrameworksBuildPhase;
			buildActionMask = 2147483647;
			files = (
			);
			runOnlyForDeploymentPostprocessing = 0;
		};
		D046EECD27BDDB5F0043D613 /* Frameworks */ = {
			isa = PBXFrameworksBuildPhase;
			buildActionMask = 2147483647;
			files = (
			);
			runOnlyForDeploymentPostprocessing = 0;
		};
		D046EED727BDDB5F0043D613 /* Frameworks */ = {
			isa = PBXFrameworksBuildPhase;
			buildActionMask = 2147483647;
			files = (
			);
			runOnlyForDeploymentPostprocessing = 0;
		};
/* End PBXFrameworksBuildPhase section */

/* Begin PBXGroup section */
		D046EEAC27BDDB5E0043D613 = {
			isa = PBXGroup;
			children = (
				D046EEF827BE233B0043D613 /* Runtime.docx */,
				D046EEB727BDDB5E0043D613 /* runtimeDemo */,
				D046EED327BDDB5F0043D613 /* runtimeDemoTests */,
				D046EEDD27BDDB5F0043D613 /* runtimeDemoUITests */,
				D046EEB627BDDB5E0043D613 /* Products */,
			);
			sourceTree = "<group>";
		};
		D046EEB627BDDB5E0043D613 /* Products */ = {
			isa = PBXGroup;
			children = (
				D046EEB527BDDB5E0043D613 /* runtimeDemo.app */,
				D046EED027BDDB5F0043D613 /* runtimeDemoTests.xctest */,
				D046EEDA27BDDB5F0043D613 /* runtimeDemoUITests.xctest */,
			);
			name = Products;
			sourceTree = "<group>";
		};
		D046EEB727BDDB5E0043D613 /* runtimeDemo */ = {
			isa = PBXGroup;
			children = (
				D046EEFA27BE36E50043D613 /* 消息转发 */,
				D046EEF427BDF0820043D613 /* DictToModel */,
				D046EEED27BDDC420043D613 /* objc_msgSend */,
				D046EEB827BDDB5E0043D613 /* AppDelegate.h */,
				D046EEB927BDDB5E0043D613 /* AppDelegate.m */,
				D046EEBB27BDDB5E0043D613 /* SceneDelegate.h */,
				D046EEBC27BDDB5E0043D613 /* SceneDelegate.m */,
				D046EEBE27BDDB5E0043D613 /* ViewController.h */,
				D046EEBF27BDDB5E0043D613 /* ViewController.m */,
				D046EEC127BDDB5E0043D613 /* Main.storyboard */,
				D046EEC427BDDB5F0043D613 /* Assets.xcassets */,
				D046EEC627BDDB5F0043D613 /* LaunchScreen.storyboard */,
				D046EEC927BDDB5F0043D613 /* Info.plist */,
				D046EECA27BDDB5F0043D613 /* main.m */,
			);
			path = runtimeDemo;
			sourceTree = "<group>";
		};
		D046EED327BDDB5F0043D613 /* runtimeDemoTests */ = {
			isa = PBXGroup;
			children = (
				D046EED427BDDB5F0043D613 /* runtimeDemoTests.m */,
			);
			path = runtimeDemoTests;
			sourceTree = "<group>";
		};
		D046EEDD27BDDB5F0043D613 /* runtimeDemoUITests */ = {
			isa = PBXGroup;
			children = (
				D046EEDE27BDDB5F0043D613 /* runtimeDemoUITests.m */,
				D046EEE027BDDB5F0043D613 /* runtimeDemoUITestsLaunchTests.m */,
			);
			path = runtimeDemoUITests;
			sourceTree = "<group>";
		};
		D046EEED27BDDC420043D613 /* objc_msgSend */ = {
			isa = PBXGroup;
			children = (
				D046EEEE27BDDC720043D613 /* Person.h */,
				D046EEEF27BDDC720043D613 /* Person.m */,
				D046EEF127BDED710043D613 /* Person+man.h */,
				D046EEF227BDED710043D613 /* Person+man.m */,
				D0DC7E3127C6153800B66640 /* RuntimeMethod.h */,
				D0DC7E3227C6153800B66640 /* RuntimeMethod.m */,
			);
			path = objc_msgSend;
			sourceTree = "<group>";
		};
		D046EEF427BDF0820043D613 /* DictToModel */ = {
			isa = PBXGroup;
			children = (
				D046EEF527BDF0A00043D613 /* User.h */,
				D046EEF627BDF0A00043D613 /* User.m */,
			);
			path = DictToModel;
			sourceTree = "<group>";
		};
		D046EEFA27BE36E50043D613 /* 消息转发 */ = {
			isa = PBXGroup;
			children = (
				D046EEFB27BE37250043D613 /* MessageOrg.h */,
				D046EEFC27BE37250043D613 /* MessageOrg.m */,
			);
			path = "消息转发";
			sourceTree = "<group>";
		};
/* End PBXGroup section */

/* Begin PBXNativeTarget section */
		D046EEB427BDDB5E0043D613 /* runtimeDemo */ = {
			isa = PBXNativeTarget;
			buildConfigurationList = D046EEE427BDDB5F0043D613 /* Build configuration list for PBXNativeTarget "runtimeDemo" */;
			buildPhases = (
				D046EEB127BDDB5E0043D613 /* Sources */,
				D046EEB227BDDB5E0043D613 /* Frameworks */,
				D046EEB327BDDB5E0043D613 /* Resources */,
			);
			buildRules = (
			);
			dependencies = (
			);
			name = runtimeDemo;
			productName = runtimeDemo;
			productReference = D046EEB527BDDB5E0043D613 /* runtimeDemo.app */;
			productType = "com.apple.product-type.application";
		};
		D046EECF27BDDB5F0043D613 /* runtimeDemoTests */ = {
			isa = PBXNativeTarget;
			buildConfigurationList = D046EEE727BDDB5F0043D613 /* Build configuration list for PBXNativeTarget "runtimeDemoTests" */;
			buildPhases = (
				D046EECC27BDDB5F0043D613 /* Sources */,
				D046EECD27BDDB5F0043D613 /* Frameworks */,
				D046EECE27BDDB5F0043D613 /* Resources */,
			);
			buildRules = (
			);
			dependencies = (
				D046EED227BDDB5F0043D613 /* PBXTargetDependency */,
			);
			name = runtimeDemoTests;
			productName = runtimeDemoTests;
			productReference = D046EED027BDDB5F0043D613 /* runtimeDemoTests.xctest */;
			productType = "com.apple.product-type.bundle.unit-test";
		};
		D046EED927BDDB5F0043D613 /* runtimeDemoUITests */ = {
			isa = PBXNativeTarget;
			buildConfigurationList = D046EEEA27BDDB5F0043D613 /* Build configuration list for PBXNativeTarget "runtimeDemoUITests" */;
			buildPhases = (
				D046EED627BDDB5F0043D613 /* Sources */,
				D046EED727BDDB5F0043D613 /* Frameworks */,
				D046EED827BDDB5F0043D613 /* Resources */,
			);
			buildRules = (
			);
			dependencies = (
				D046EEDC27BDDB5F0043D613 /* PBXTargetDependency */,
			);
			name = runtimeDemoUITests;
			productName = runtimeDemoUITests;
			productReference = D046EEDA27BDDB5F0043D613 /* runtimeDemoUITests.xctest */;
			productType = "com.apple.product-type.bundle.ui-testing";
		};
/* End PBXNativeTarget section */

/* Begin PBXProject section */
		D046EEAD27BDDB5E0043D613 /* Project object */ = {
			isa = PBXProject;
			attributes = {
				BuildIndependentTargetsInParallel = 1;
				LastUpgradeCheck = 1320;
				TargetAttributes = {
					D046EEB427BDDB5E0043D613 = {
						CreatedOnToolsVersion = 13.2.1;
					};
					D046EECF27BDDB5F0043D613 = {
						CreatedOnToolsVersion = 13.2.1;
						TestTargetID = D046EEB427BDDB5E0043D613;
					};
					D046EED927BDDB5F0043D613 = {
						CreatedOnToolsVersion = 13.2.1;
						TestTargetID = D046EEB427BDDB5E0043D613;
					};
				};
			};
			buildConfigurationList = D046EEB027BDDB5E0043D613 /* Build configuration list for PBXProject "runtimeDemo" */;
			compatibilityVersion = "Xcode 13.0";
			developmentRegion = en;
			hasScannedForEncodings = 0;
			knownRegions = (
				en,
				Base,
			);
			mainGroup = D046EEAC27BDDB5E0043D613;
			productRefGroup = D046EEB627BDDB5E0043D613 /* Products */;
			projectDirPath = "";
			projectRoot = "";
			targets = (
				D046EEB427BDDB5E0043D613 /* runtimeDemo */,
				D046EECF27BDDB5F0043D613 /* runtimeDemoTests */,
				D046EED927BDDB5F0043D613 /* runtimeDemoUITests */,
			);
		};
/* End PBXProject section */

/* Begin PBXResourcesBuildPhase section */
		D046EEB327BDDB5E0043D613 /* Resources */ = {
			isa = PBXResourcesBuildPhase;
			buildActionMask = 2147483647;
			files = (
				D046EEF927BE233B0043D613 /* Runtime.docx in Resources */,
				D046EEC827BDDB5F0043D613 /* LaunchScreen.storyboard in Resources */,
				D046EEC527BDDB5F0043D613 /* Assets.xcassets in Resources */,
				D046EEC327BDDB5E0043D613 /* Main.storyboard in Resources */,
			);
			runOnlyForDeploymentPostprocessing = 0;
		};
		D046EECE27BDDB5F0043D613 /* Resources */ = {
			isa = PBXResourcesBuildPhase;
			buildActionMask = 2147483647;
			files = (
			);
			runOnlyForDeploymentPostprocessing = 0;
		};
		D046EED827BDDB5F0043D613 /* Resources */ = {
			isa = PBXResourcesBuildPhase;
			buildActionMask = 2147483647;
			files = (
			);
			runOnlyForDeploymentPostprocessing = 0;
		};
/* End PBXResourcesBuildPhase section */

/* Begin PBXSourcesBuildPhase section */
		D046EEB127BDDB5E0043D613 /* Sources */ = {
			isa = PBXSourcesBuildPhase;
			buildActionMask = 2147483647;
			files = (
				D0DC7E3327C6153800B66640 /* RuntimeMethod.m in Sources */,
				D046EEC027BDDB5E0043D613 /* ViewController.m in Sources */,
				D046EEF727BDF0A00043D613 /* User.m in Sources */,
				D046EEBA27BDDB5E0043D613 /* AppDelegate.m in Sources */,
				D046EEF027BDDC720043D613 /* Person.m in Sources */,
				D046EEFD27BE37250043D613 /* MessageOrg.m in Sources */,
				D046EECB27BDDB5F0043D613 /* main.m in Sources */,
				D046EEBD27BDDB5E0043D613 /* SceneDelegate.m in Sources */,
				D046EEF327BDED710043D613 /* Person+man.m in Sources */,
			);
			runOnlyForDeploymentPostprocessing = 0;
		};
		D046EECC27BDDB5F0043D613 /* Sources */ = {
			isa = PBXSourcesBuildPhase;
			buildActionMask = 2147483647;
			files = (
				D046EED527BDDB5F0043D613 /* runtimeDemoTests.m in Sources */,
			);
			runOnlyForDeploymentPostprocessing = 0;
		};
		D046EED627BDDB5F0043D613 /* Sources */ = {
			isa = PBXSourcesBuildPhase;
			buildActionMask = 2147483647;
			files = (
				D046EEE127BDDB5F0043D613 /* runtimeDemoUITestsLaunchTests.m in Sources */,
				D046EEDF27BDDB5F0043D613 /* runtimeDemoUITests.m in Sources */,
			);
			runOnlyForDeploymentPostprocessing = 0;
		};
/* End PBXSourcesBuildPhase section */

/* Begin PBXTargetDependency section */
		D046EED227BDDB5F0043D613 /* PBXTargetDependency */ = {
			isa = PBXTargetDependency;
			target = D046EEB427BDDB5E0043D613 /* runtimeDemo */;
			targetProxy = D046EED127BDDB5F0043D613 /* PBXContainerItemProxy */;
		};
		D046EEDC27BDDB5F0043D613 /* PBXTargetDependency */ = {
			isa = PBXTargetDependency;
			target = D046EEB427BDDB5E0043D613 /* runtimeDemo */;
			targetProxy = D046EEDB27BDDB5F0043D613 /* PBXContainerItemProxy */;
		};
/* End PBXTargetDependency section */

/* Begin PBXVariantGroup section */
		D046EEC127BDDB5E0043D613 /* Main.storyboard */ = {
			isa = PBXVariantGroup;
			children = (
				D046EEC227BDDB5E0043D613 /* Base */,
			);
			name = Main.storyboard;
			sourceTree = "<group>";
		};
		D046EEC627BDDB5F0043D613 /* LaunchScreen.storyboard */ = {
			isa = PBXVariantGroup;
			children = (
				D046EEC727BDDB5F0043D613 /* Base */,
			);
			name = LaunchScreen.storyboard;
			sourceTree = "<group>";
		};
/* End PBXVariantGroup section */

/* Begin XCBuildConfiguration section */
		D046EEE227BDDB5F0043D613 /* Debug */ = {
			isa = XCBuildConfiguration;
			buildSettings = {
				ALWAYS_SEARCH_USER_PATHS = NO;
				CLANG_ANALYZER_NONNULL = YES;
				CLANG_ANALYZER_NUMBER_OBJECT_CONVERSION = YES_AGGRESSIVE;
				CLANG_CXX_LANGUAGE_STANDARD = "gnu++17";
				CLANG_CXX_LIBRARY = "libc++";
				CLANG_ENABLE_MODULES = YES;
				CLANG_ENABLE_OBJC_ARC = YES;
				CLANG_ENABLE_OBJC_WEAK = YES;
				CLANG_WARN_BLOCK_CAPTURE_AUTORELEASING = YES;
				CLANG_WARN_BOOL_CONVERSION = YES;
				CLANG_WARN_COMMA = YES;
				CLANG_WARN_CONSTANT_CONVERSION = YES;
				CLANG_WARN_DEPRECATED_OBJC_IMPLEMENTATIONS = YES;
				CLANG_WARN_DIRECT_OBJC_ISA_USAGE = YES_ERROR;
				CLANG_WARN_DOCUMENTATION_COMMENTS = YES;
				CLANG_WARN_EMPTY_BODY = YES;
				CLANG_WARN_ENUM_CONVERSION = YES;
				CLANG_WARN_INFINITE_RECURSION = YES;
				CLANG_WARN_INT_CONVERSION = YES;
				CLANG_WARN_NON_LITERAL_NULL_CONVERSION = YES;
				CLANG_WARN_OBJC_IMPLICIT_RETAIN_SELF = YES;
				CLANG_WARN_OBJC_LITERAL_CONVERSION = YES;
				CLANG_WARN_OBJC_ROOT_CLASS = YES_ERROR;
				CLANG_WARN_QUOTED_INCLUDE_IN_FRAMEWORK_HEADER = YES;
				CLANG_WARN_RANGE_LOOP_ANALYSIS = YES;
				CLANG_WARN_STRICT_PROTOTYPES = YES;
				CLANG_WARN_SUSPICIOUS_MOVE = YES;
				CLANG_WARN_UNGUARDED_AVAILABILITY = YES_AGGRESSIVE;
				CLANG_WARN_UNREACHABLE_CODE = YES;
				CLANG_WARN__DUPLICATE_METHOD_MATCH = YES;
				COPY_PHASE_STRIP = NO;
				DEBUG_INFORMATION_FORMAT = dwarf;
				ENABLE_STRICT_OBJC_MSGSEND = YES;
				ENABLE_TESTABILITY = YES;
				GCC_C_LANGUAGE_STANDARD = gnu11;
				GCC_DYNAMIC_NO_PIC = NO;
				GCC_NO_COMMON_BLOCKS = YES;
				GCC_OPTIMIZATION_LEVEL = 0;
				GCC_PREPROCESSOR_DEFINITIONS = (
					"DEBUG=1",
					"$(inherited)",
				);
				GCC_WARN_64_TO_32_BIT_CONVERSION = YES;
				GCC_WARN_ABOUT_RETURN_TYPE = YES_ERROR;
				GCC_WARN_UNDECLARED_SELECTOR = YES;
				GCC_WARN_UNINITIALIZED_AUTOS = YES_AGGRESSIVE;
				GCC_WARN_UNUSED_FUNCTION = YES;
				GCC_WARN_UNUSED_VARIABLE = YES;
				IPHONEOS_DEPLOYMENT_TARGET = 15.2;
				MTL_ENABLE_DEBUG_INFO = INCLUDE_SOURCE;
				MTL_FAST_MATH = YES;
				ONLY_ACTIVE_ARCH = YES;
				SDKROOT = iphoneos;
			};
			name = Debug;
		};
		D046EEE327BDDB5F0043D613 /* Release */ = {
			isa = XCBuildConfiguration;
			buildSettings = {
				ALWAYS_SEARCH_USER_PATHS = NO;
				CLANG_ANALYZER_NONNULL = YES;
				CLANG_ANALYZER_NUMBER_OBJECT_CONVERSION = YES_AGGRESSIVE;
				CLANG_CXX_LANGUAGE_STANDARD = "gnu++17";
				CLANG_CXX_LIBRARY = "libc++";
				CLANG_ENABLE_MODULES = YES;
				CLANG_ENABLE_OBJC_ARC = YES;
				CLANG_ENABLE_OBJC_WEAK = YES;
				CLANG_WARN_BLOCK_CAPTURE_AUTORELEASING = YES;
				CLANG_WARN_BOOL_CONVERSION = YES;
				CLANG_WARN_COMMA = YES;
				CLANG_WARN_CONSTANT_CONVERSION = YES;
				CLANG_WARN_DEPRECATED_OBJC_IMPLEMENTATIONS = YES;
				CLANG_WARN_DIRECT_OBJC_ISA_USAGE = YES_ERROR;
				CLANG_WARN_DOCUMENTATION_COMMENTS = YES;
				CLANG_WARN_EMPTY_BODY = YES;
				CLANG_WARN_ENUM_CONVERSION = YES;
				CLANG_WARN_INFINITE_RECURSION = YES;
				CLANG_WARN_INT_CONVERSION = YES;
				CLANG_WARN_NON_LITERAL_NULL_CONVERSION = YES;
				CLANG_WARN_OBJC_IMPLICIT_RETAIN_SELF = YES;
				CLANG_WARN_OBJC_LITERAL_CONVERSION = YES;
				CLANG_WARN_OBJC_ROOT_CLASS = YES_ERROR;
				CLANG_WARN_QUOTED_INCLUDE_IN_FRAMEWORK_HEADER = YES;
				CLANG_WARN_RANGE_LOOP_ANALYSIS = YES;
				CLANG_WARN_STRICT_PROTOTYPES = YES;
				CLANG_WARN_SUSPICIOUS_MOVE = YES;
				CLANG_WARN_UNGUARDED_AVAILABILITY = YES_AGGRESSIVE;
				CLANG_WARN_UNREACHABLE_CODE = YES;
				CLANG_WARN__DUPLICATE_METHOD_MATCH = YES;
				COPY_PHASE_STRIP = NO;
				DEBUG_INFORMATION_FORMAT = "dwarf-with-dsym";
				ENABLE_NS_ASSERTIONS = NO;
				ENABLE_STRICT_OBJC_MSGSEND = YES;
				GCC_C_LANGUAGE_STANDARD = gnu11;
				GCC_NO_COMMON_BLOCKS = YES;
				GCC_WARN_64_TO_32_BIT_CONVERSION = YES;
				GCC_WARN_ABOUT_RETURN_TYPE = YES_ERROR;
				GCC_WARN_UNDECLARED_SELECTOR = YES;
				GCC_WARN_UNINITIALIZED_AUTOS = YES_AGGRESSIVE;
				GCC_WARN_UNUSED_FUNCTION = YES;
				GCC_WARN_UNUSED_VARIABLE = YES;
				IPHONEOS_DEPLOYMENT_TARGET = 15.2;
				MTL_ENABLE_DEBUG_INFO = NO;
				MTL_FAST_MATH = YES;
				SDKROOT = iphoneos;
				VALIDATE_PRODUCT = YES;
			};
			name = Release;
		};
		D046EEE527BDDB5F0043D613 /* Debug */ = {
			isa = XCBuildConfiguration;
			buildSettings = {
				ASSETCATALOG_COMPILER_APPICON_NAME = AppIcon;
				ASSETCATALOG_COMPILER_GLOBAL_ACCENT_COLOR_NAME = AccentColor;
				CODE_SIGN_STYLE = Automatic;
				CURRENT_PROJECT_VERSION = 1;
				DEVELOPMENT_TEAM = LN5Z4LQL2H;
				ENABLE_STRICT_OBJC_MSGSEND = NO;
				GENERATE_INFOPLIST_FILE = YES;
				INFOPLIST_FILE = runtimeDemo/Info.plist;
				INFOPLIST_KEY_UIApplicationSupportsIndirectInputEvents = YES;
				INFOPLIST_KEY_UILaunchStoryboardName = LaunchScreen;
				INFOPLIST_KEY_UIMainStoryboardFile = Main;
				INFOPLIST_KEY_UISupportedInterfaceOrientations_iPad = "UIInterfaceOrientationPortrait UIInterfaceOrientationPortraitUpsideDown UIInterfaceOrientationLandscapeLeft UIInterfaceOrientationLandscapeRight";
				INFOPLIST_KEY_UISupportedInterfaceOrientations_iPhone = "UIInterfaceOrientationPortrait UIInterfaceOrientationLandscapeLeft UIInterfaceOrientationLandscapeRight";
				IPHONEOS_DEPLOYMENT_TARGET = 10.0;
				LD_RUNPATH_SEARCH_PATHS = (
					"$(inherited)",
					"@executable_path/Frameworks",
				);
				MARKETING_VERSION = 1.0;
				PRODUCT_BUNDLE_IDENTIFIER = cn.runtime.demo.runtimeDemo;
				PRODUCT_NAME = "$(TARGET_NAME)";
				SWIFT_EMIT_LOC_STRINGS = YES;
				TARGETED_DEVICE_FAMILY = "1,2";
			};
			name = Debug;
		};
		D046EEE627BDDB5F0043D613 /* Release */ = {
			isa = XCBuildConfiguration;
			buildSettings = {
				ASSETCATALOG_COMPILER_APPICON_NAME = AppIcon;
				ASSETCATALOG_COMPILER_GLOBAL_ACCENT_COLOR_NAME = AccentColor;
				CODE_SIGN_STYLE = Automatic;
				CURRENT_PROJECT_VERSION = 1;
				DEVELOPMENT_TEAM = LN5Z4LQL2H;
				ENABLE_STRICT_OBJC_MSGSEND = NO;
				GENERATE_INFOPLIST_FILE = YES;
				INFOPLIST_FILE = runtimeDemo/Info.plist;
				INFOPLIST_KEY_UIApplicationSupportsIndirectInputEvents = YES;
				INFOPLIST_KEY_UILaunchStoryboardName = LaunchScreen;
				INFOPLIST_KEY_UIMainStoryboardFile = Main;
				INFOPLIST_KEY_UISupportedInterfaceOrientations_iPad = "UIInterfaceOrientationPortrait UIInterfaceOrientationPortraitUpsideDown UIInterfaceOrientationLandscapeLeft UIInterfaceOrientationLandscapeRight";
				INFOPLIST_KEY_UISupportedInterfaceOrientations_iPhone = "UIInterfaceOrientationPortrait UIInterfaceOrientationLandscapeLeft UIInterfaceOrientationLandscapeRight";
				IPHONEOS_DEPLOYMENT_TARGET = 10.0;
				LD_RUNPATH_SEARCH_PATHS = (
					"$(inherited)",
					"@executable_path/Frameworks",
				);
				MARKETING_VERSION = 1.0;
				PRODUCT_BUNDLE_IDENTIFIER = cn.runtime.demo.runtimeDemo;
				PRODUCT_NAME = "$(TARGET_NAME)";
				SWIFT_EMIT_LOC_STRINGS = YES;
				TARGETED_DEVICE_FAMILY = "1,2";
			};
			name = Release;
		};
		D046EEE827BDDB5F0043D613 /* Debug */ = {
			isa = XCBuildConfiguration;
			buildSettings = {
				BUNDLE_LOADER = "$(TEST_HOST)";
				CODE_SIGN_STYLE = Automatic;
				CURRENT_PROJECT_VERSION = 1;
				DEVELOPMENT_TEAM = LN5Z4LQL2H;
				GENERATE_INFOPLIST_FILE = YES;
				IPHONEOS_DEPLOYMENT_TARGET = 15.2;
				MARKETING_VERSION = 1.0;
				PRODUCT_BUNDLE_IDENTIFIER = cn.runtime.demo.runtimeDemoTests;
				PRODUCT_NAME = "$(TARGET_NAME)";
				SWIFT_EMIT_LOC_STRINGS = NO;
				TARGETED_DEVICE_FAMILY = "1,2";
				TEST_HOST = "$(BUILT_PRODUCTS_DIR)/runtimeDemo.app/runtimeDemo";
			};
			name = Debug;
		};
		D046EEE927BDDB5F0043D613 /* Release */ = {
			isa = XCBuildConfiguration;
			buildSettings = {
				BUNDLE_LOADER = "$(TEST_HOST)";
				CODE_SIGN_STYLE = Automatic;
				CURRENT_PROJECT_VERSION = 1;
				DEVELOPMENT_TEAM = LN5Z4LQL2H;
				GENERATE_INFOPLIST_FILE = YES;
				IPHONEOS_DEPLOYMENT_TARGET = 15.2;
				MARKETING_VERSION = 1.0;
				PRODUCT_BUNDLE_IDENTIFIER = cn.runtime.demo.runtimeDemoTests;
				PRODUCT_NAME = "$(TARGET_NAME)";
				SWIFT_EMIT_LOC_STRINGS = NO;
				TARGETED_DEVICE_FAMILY = "1,2";
				TEST_HOST = "$(BUILT_PRODUCTS_DIR)/runtimeDemo.app/runtimeDemo";
			};
			name = Release;
		};
		D046EEEB27BDDB5F0043D613 /* Debug */ = {
			isa = XCBuildConfiguration;
			buildSettings = {
				CODE_SIGN_STYLE = Automatic;
				CURRENT_PROJECT_VERSION = 1;
				DEVELOPMENT_TEAM = LN5Z4LQL2H;
				GENERATE_INFOPLIST_FILE = YES;
				MARKETING_VERSION = 1.0;
				PRODUCT_BUNDLE_IDENTIFIER = cn.runtime.demo.runtimeDemoUITests;
				PRODUCT_NAME = "$(TARGET_NAME)";
				SWIFT_EMIT_LOC_STRINGS = NO;
				TARGETED_DEVICE_FAMILY = "1,2";
				TEST_TARGET_NAME = runtimeDemo;
			};
			name = Debug;
		};
		D046EEEC27BDDB5F0043D613 /* Release */ = {
			isa = XCBuildConfiguration;
			buildSettings = {
				CODE_SIGN_STYLE = Automatic;
				CURRENT_PROJECT_VERSION = 1;
				DEVELOPMENT_TEAM = LN5Z4LQL2H;
				GENERATE_INFOPLIST_FILE = YES;
				MARKETING_VERSION = 1.0;
				PRODUCT_BUNDLE_IDENTIFIER = cn.runtime.demo.runtimeDemoUITests;
				PRODUCT_NAME = "$(TARGET_NAME)";
				SWIFT_EMIT_LOC_STRINGS = NO;
				TARGETED_DEVICE_FAMILY = "1,2";
				TEST_TARGET_NAME = runtimeDemo;
			};
			name = Release;
		};
/* End XCBuildConfiguration section */

/* Begin XCConfigurationList section */
		D046EEB027BDDB5E0043D613 /* Build configuration list for PBXProject "runtimeDemo" */ = {
			isa = XCConfigurationList;
			buildConfigurations = (
				D046EEE227BDDB5F0043D613 /* Debug */,
				D046EEE327BDDB5F0043D613 /* Release */,
			);
			defaultConfigurationIsVisible = 0;
			defaultConfigurationName = Release;
		};
		D046EEE427BDDB5F0043D613 /* Build configuration list for PBXNativeTarget "runtimeDemo" */ = {
			isa = XCConfigurationList;
			buildConfigurations = (
				D046EEE527BDDB5F0043D613 /* Debug */,
				D046EEE627BDDB5F0043D613 /* Release */,
			);
			defaultConfigurationIsVisible = 0;
			defaultConfigurationName = Release;
		};
		D046EEE727BDDB5F0043D613 /* Build configuration list for PBXNativeTarget "runtimeDemoTests" */ = {
			isa = XCConfigurationList;
			buildConfigurations = (
				D046EEE827BDDB5F0043D613 /* Debug */,
				D046EEE927BDDB5F0043D613 /* Release */,
			);
			defaultConfigurationIsVisible = 0;
			defaultConfigurationName = Release;
		};
		D046EEEA27BDDB5F0043D613 /* Build configuration list for PBXNativeTarget "runtimeDemoUITests" */ = {
			isa = XCConfigurationList;
			buildConfigurations = (
				D046EEEB27BDDB5F0043D613 /* Debug */,
				D046EEEC27BDDB5F0043D613 /* Release */,
			);
			defaultConfigurationIsVisible = 0;
			defaultConfigurationName = Release;
		};
/* End XCConfigurationList section */
	};
	rootObject = D046EEAD27BDDB5E0043D613 /* Project object */;
}
